
Microsoft Visual Studio Solution File, Format Version 12.00
# Visual Studio Version 17
VisualStudioVersion = 17.4.33103.184
MinimumVisualStudioVersion = 10.0.40219.1
Project("{FAE04EC0-301F-11D3-BF4B-00C04F79EFBC}") = "baekjun", "baekjun\baekjun.csproj", "{B7683367-F855-4DA9-B0DA-E67457336C01}"
EndProject
Global
	GlobalSection(SolutionConfigurationPlatforms) = preSolution
		Debug|Any CPU = Debug|Any CPU
		Release|Any CPU = Release|Any CPU
	EndGlobalSection
	GlobalSection(ProjectConfigurationPlatforms) = postSolution
		{B7683367-F855-4DA9-B0DA-E67457336C01}.Debug|Any CPU.ActiveCfg = Debug|Any CPU
		{B7683367-F855-4DA9-B0DA-E67457336C01}.Debug|Any CPU.Build.0 = Debug|Any CPU
		{B7683367-F855-4DA9-B0DA-E67457336C01}.Release|Any CPU.ActiveCfg = Release|Any CPU
		{B7683367-F855-4DA9-B0DA-E67457336C01}.Release|Any CPU.Build.0 = Release|Any CPU
	EndGlobalSection
	GlobalSection(SolutionProperties) = preSolution
		HideSolutionNode = FALSE
	EndGlobalSection
	GlobalSection(ExtensibilityGlobals) = postSolution
		SolutionGuid = {10DF2953-FCA9-455D-8BAB-207318FA7032}
	EndGlobalSection
EndGlobal
